
Microsoft Visual Studio Solution File, Format Version 12.00
# Visual Studio Version 17
VisualStudioVersion = 17.3.32804.467
MinimumVisualStudioVersion = 10.0.40219.1
Project("{9A19103F-16F7-4668-BE54-9A1E7A4F7556}") = "UserAPI", "UserAPI\UserAPI.csproj", "{A1D8DE9A-29B6-414E-84C5-310CC8BE6974}"
EndProject
Project("{FAE04EC0-301F-11D3-BF4B-00C04F79EFBC}") = "ProjectAPI", "ProjectAPI\ProjectAPI.csproj", "{963E0CD6-7093-4E95-8C83-3BCA4A88DE64}"
EndProject
Project("{E53339B2-1760-4266-BCC7-CA923CBCF16C}") = "docker-compose", "docker-compose.dcproj", "{252D45FA-3D67-4B5B-8BF3-DD998CE77EF9}"
EndProject
Global
	GlobalSection(SolutionConfigurationPlatforms) = preSolution
		Debug|Any CPU = Debug|Any CPU
		Release|Any CPU = Release|Any CPU
	EndGlobalSection
	GlobalSection(ProjectConfigurationPlatforms) = postSolution
		{A1D8DE9A-29B6-414E-84C5-310CC8BE6974}.Debug|Any CPU.ActiveCfg = Debug|Any CPU
		{A1D8DE9A-29B6-414E-84C5-310CC8BE6974}.Debug|Any CPU.Build.0 = Debug|Any CPU
		{A1D8DE9A-29B6-414E-84C5-310CC8BE6974}.Release|Any CPU.ActiveCfg = Release|Any CPU
		{A1D8DE9A-29B6-414E-84C5-310CC8BE6974}.Release|Any CPU.Build.0 = Release|Any CPU
		{963E0CD6-7093-4E95-8C83-3BCA4A88DE64}.Debug|Any CPU.ActiveCfg = Debug|Any CPU
		{963E0CD6-7093-4E95-8C83-3BCA4A88DE64}.Debug|Any CPU.Build.0 = Debug|Any CPU
		{963E0CD6-7093-4E95-8C83-3BCA4A88DE64}.Release|Any CPU.ActiveCfg = Release|Any CPU
		{963E0CD6-7093-4E95-8C83-3BCA4A88DE64}.Release|Any CPU.Build.0 = Release|Any CPU
		{252D45FA-3D67-4B5B-8BF3-DD998CE77EF9}.Debug|Any CPU.ActiveCfg = Debug|Any CPU
		{252D45FA-3D67-4B5B-8BF3-DD998CE77EF9}.Debug|Any CPU.Build.0 = Debug|Any CPU
		{252D45FA-3D67-4B5B-8BF3-DD998CE77EF9}.Release|Any CPU.ActiveCfg = Release|Any CPU
		{252D45FA-3D67-4B5B-8BF3-DD998CE77EF9}.Release|Any CPU.Build.0 = Release|Any CPU
	EndGlobalSection
	GlobalSection(SolutionProperties) = preSolution
		HideSolutionNode = FALSE
	EndGlobalSection
	GlobalSection(ExtensibilityGlobals) = postSolution
		SolutionGuid = {134FF433-CD6A-4640-B1D1-039022EE50B5}
	EndGlobalSection
EndGlobal
